
Microsoft Visual Studio Solution File, Format Version 12.00
# Visual Studio 15
VisualStudioVersion = 15.0.27004.2010
MinimumVisualStudioVersion = 10.0.40219.1
Project("{FAE04EC0-301F-11D3-BF4B-00C04F79EFBC}") = "GFDecoder", "GFDecoder\GFDecoder.csproj", "{DA838B26-0573-43F6-9A94-C4E0611F35A6}"
EndProject
Global
	GlobalSection(SolutionConfigurationPlatforms) = preSolution
		Debug|Any CPU = Debug|Any CPU
		Release|Any CPU = Release|Any CPU
	EndGlobalSection
	GlobalSection(ProjectConfigurationPlatforms) = postSolution
		{DA838B26-0573-43F6-9A94-C4E0611F35A6}.Debug|Any CPU.ActiveCfg = Debug|Any CPU
		{DA838B26-0573-43F6-9A94-C4E0611F35A6}.Debug|Any CPU.Build.0 = Debug|Any CPU
		{DA838B26-0573-43F6-9A94-C4E0611F35A6}.Release|Any CPU.ActiveCfg = Release|Any CPU
		{DA838B26-0573-43F6-9A94-C4E0611F35A6}.Release|Any CPU.Build.0 = Release|Any CPU
	EndGlobalSection
	GlobalSection(SolutionProperties) = preSolution
		HideSolutionNode = FALSE
	EndGlobalSection
	GlobalSection(ExtensibilityGlobals) = postSolution
		SolutionGuid = {505A4CB7-A774-4246-9D7D-463BC20BE733}
	EndGlobalSection
EndGlobal
